
Microsoft Visual Studio Solution File, Format Version 12.00
# Visual Studio Version 16
VisualStudioVersion = 16.0.31729.503
MinimumVisualStudioVersion = 10.0.40219.1
Project("{FAE04EC0-301F-11D3-BF4B-00C04F79EFBC}") = "GymClass", "GymClass\GymClass.csproj", "{1D2079F8-55DC-4784-8DDC-D7704A5E76BD}"
EndProject
Global
	GlobalSection(SolutionConfigurationPlatforms) = preSolution
		Debug|Any CPU = Debug|Any CPU
		Release|Any CPU = Release|Any CPU
	EndGlobalSection
	GlobalSection(ProjectConfigurationPlatforms) = postSolution
		{1D2079F8-55DC-4784-8DDC-D7704A5E76BD}.Debug|Any CPU.ActiveCfg = Debug|Any CPU
		{1D2079F8-55DC-4784-8DDC-D7704A5E76BD}.Debug|Any CPU.Build.0 = Debug|Any CPU
		{1D2079F8-55DC-4784-8DDC-D7704A5E76BD}.Release|Any CPU.ActiveCfg = Release|Any CPU
		{1D2079F8-55DC-4784-8DDC-D7704A5E76BD}.Release|Any CPU.Build.0 = Release|Any CPU
	EndGlobalSection
	GlobalSection(SolutionProperties) = preSolution
		HideSolutionNode = FALSE
	EndGlobalSection
	GlobalSection(ExtensibilityGlobals) = postSolution
		SolutionGuid = {055F4BBF-A1D4-4C15-9BBB-03267D636C78}
	EndGlobalSection
EndGlobal
